
Microsoft Visual Studio Solution File, Format Version 10.00
# Visual Studio 2008
Project("{2150E333-8FDC-42A3-9474-1A3956D46DE8}") = "Modulos", "Modulos", "{07CADB69-D220-472E-8CE3-DADCABF26790}"
EndProject
Project("{2150E333-8FDC-42A3-9474-1A3956D46DE8}") = "Servicos", "Servicos", "{BC2982E9-9CD8-4EE8-9B68-DB1787367EC7}"
EndProject
Project("{FAE04EC0-301F-11D3-BF4B-00C04F79EFBC}") = "ViverMais.View", "Vida.View\ViverMais.View.csproj", "{402FEF12-7333-441A-9B10-FCB41AE73B83}"
EndProject
Project("{FAE04EC0-301F-11D3-BF4B-00C04F79EFBC}") = "ViverMais.ServiceFacade", "Vida.ServiceFacade\ViverMais.ServiceFacade.csproj", "{E0DB8510-1A5F-44BD-B865-88AA26B02C3E}"
EndProject
Project("{FAE04EC0-301F-11D3-BF4B-00C04F79EFBC}") = "ViverMais.Model", "Vida.Model\ViverMais.Model.csproj", "{1CEFE776-6047-4318-AF42-D45E67CC0B26}"
EndProject
Project("{FAE04EC0-301F-11D3-BF4B-00C04F79EFBC}") = "ViverMais.DAO", "Vida.DAO\ViverMais.DAO.csproj", "{19C647F9-874E-4DDA-9B2F-A8E3DB4E1BAC}"
EndProject
Project("{2150E333-8FDC-42A3-9474-1A3956D46DE8}") = "Desktop", "Desktop", "{91C08891-C32D-4554-A777-1B5773843A7B}"
EndProject
Project("{FAE04EC0-301F-11D3-BF4B-00C04F79EFBC}") = "WebServiceViverMais", "WebServiceVida\WebServiceViverMais.csproj", "{CB5BA3E0-BF94-454E-AFDE-A4E1C93E1E05}"
EndProject
Project("{FAE04EC0-301F-11D3-BF4B-00C04F79EFBC}") = "GerarXMLExportCNS", "GerarXMLExportCNS\GerarXMLExportCNS.csproj", "{871FBC30-E867-4ACB-B1B9-BED6D8BB730B}"
EndProject
Project("{FAE04EC0-301F-11D3-BF4B-00C04F79EFBC}") = "ViverMais.BLL", "Vida.BLL\ViverMais.BLL.csproj", "{A6D6D83A-F6B2-4F0C-9C1E-736031BEB9A3}"
EndProject
Project("{FAE04EC0-301F-11D3-BF4B-00C04F79EFBC}") = "ViverMais.DAOOracle", "Vida.DAOOracle\ViverMais.DAOOracle.csproj", "{A61A729D-BD69-40F6-8002-4004AD399613}"
EndProject
Project("{FAE04EC0-301F-11D3-BF4B-00C04F79EFBC}") = "ViverMais.DAL", "Vida.DAL\ViverMais.DAL.csproj", "{D7C36D7C-56AA-48C2-B624-83F3EC7B5FD1}"
EndProject
Global
	GlobalSection(SolutionConfigurationPlatforms) = preSolution
		Debug|Any CPU = Debug|Any CPU
		Release|Any CPU = Release|Any CPU
	EndGlobalSection
	GlobalSection(ProjectConfigurationPlatforms) = postSolution
		{402FEF12-7333-441A-9B10-FCB41AE73B83}.Debug|Any CPU.ActiveCfg = Debug|Any CPU
		{402FEF12-7333-441A-9B10-FCB41AE73B83}.Debug|Any CPU.Build.0 = Debug|Any CPU
		{402FEF12-7333-441A-9B10-FCB41AE73B83}.Release|Any CPU.ActiveCfg = Release|Any CPU
		{402FEF12-7333-441A-9B10-FCB41AE73B83}.Release|Any CPU.Build.0 = Release|Any CPU
		{E0DB8510-1A5F-44BD-B865-88AA26B02C3E}.Debug|Any CPU.ActiveCfg = Debug|Any CPU
		{E0DB8510-1A5F-44BD-B865-88AA26B02C3E}.Debug|Any CPU.Build.0 = Debug|Any CPU
		{E0DB8510-1A5F-44BD-B865-88AA26B02C3E}.Release|Any CPU.ActiveCfg = Release|Any CPU
		{E0DB8510-1A5F-44BD-B865-88AA26B02C3E}.Release|Any CPU.Build.0 = Release|Any CPU
		{1CEFE776-6047-4318-AF42-D45E67CC0B26}.Debug|Any CPU.ActiveCfg = Debug|Any CPU
		{1CEFE776-6047-4318-AF42-D45E67CC0B26}.Debug|Any CPU.Build.0 = Debug|Any CPU
		{1CEFE776-6047-4318-AF42-D45E67CC0B26}.Release|Any CPU.ActiveCfg = Release|Any CPU
		{1CEFE776-6047-4318-AF42-D45E67CC0B26}.Release|Any CPU.Build.0 = Release|Any CPU
		{19C647F9-874E-4DDA-9B2F-A8E3DB4E1BAC}.Debug|Any CPU.ActiveCfg = Debug|Any CPU
		{19C647F9-874E-4DDA-9B2F-A8E3DB4E1BAC}.Debug|Any CPU.Build.0 = Debug|Any CPU
		{19C647F9-874E-4DDA-9B2F-A8E3DB4E1BAC}.Release|Any CPU.ActiveCfg = Release|Any CPU
		{19C647F9-874E-4DDA-9B2F-A8E3DB4E1BAC}.Release|Any CPU.Build.0 = Release|Any CPU
		{CB5BA3E0-BF94-454E-AFDE-A4E1C93E1E05}.Debug|Any CPU.ActiveCfg = Debug|Any CPU
		{CB5BA3E0-BF94-454E-AFDE-A4E1C93E1E05}.Debug|Any CPU.Build.0 = Debug|Any CPU
		{CB5BA3E0-BF94-454E-AFDE-A4E1C93E1E05}.Release|Any CPU.ActiveCfg = Release|Any CPU
		{CB5BA3E0-BF94-454E-AFDE-A4E1C93E1E05}.Release|Any CPU.Build.0 = Release|Any CPU
		{871FBC30-E867-4ACB-B1B9-BED6D8BB730B}.Debug|Any CPU.ActiveCfg = Debug|Any CPU
		{871FBC30-E867-4ACB-B1B9-BED6D8BB730B}.Debug|Any CPU.Build.0 = Debug|Any CPU
		{871FBC30-E867-4ACB-B1B9-BED6D8BB730B}.Release|Any CPU.ActiveCfg = Release|Any CPU
		{871FBC30-E867-4ACB-B1B9-BED6D8BB730B}.Release|Any CPU.Build.0 = Release|Any CPU
		{A6D6D83A-F6B2-4F0C-9C1E-736031BEB9A3}.Debug|Any CPU.ActiveCfg = Debug|Any CPU
		{A6D6D83A-F6B2-4F0C-9C1E-736031BEB9A3}.Debug|Any CPU.Build.0 = Debug|Any CPU
		{A6D6D83A-F6B2-4F0C-9C1E-736031BEB9A3}.Release|Any CPU.ActiveCfg = Release|Any CPU
		{A6D6D83A-F6B2-4F0C-9C1E-736031BEB9A3}.Release|Any CPU.Build.0 = Release|Any CPU
		{A61A729D-BD69-40F6-8002-4004AD399613}.Debug|Any CPU.ActiveCfg = Debug|Any CPU
		{A61A729D-BD69-40F6-8002-4004AD399613}.Debug|Any CPU.Build.0 = Debug|Any CPU
		{A61A729D-BD69-40F6-8002-4004AD399613}.Release|Any CPU.ActiveCfg = Release|Any CPU
		{A61A729D-BD69-40F6-8002-4004AD399613}.Release|Any CPU.Build.0 = Release|Any CPU
		{D7C36D7C-56AA-48C2-B624-83F3EC7B5FD1}.Debug|Any CPU.ActiveCfg = Debug|Any CPU
		{D7C36D7C-56AA-48C2-B624-83F3EC7B5FD1}.Debug|Any CPU.Build.0 = Debug|Any CPU
		{D7C36D7C-56AA-48C2-B624-83F3EC7B5FD1}.Release|Any CPU.ActiveCfg = Release|Any CPU
		{D7C36D7C-56AA-48C2-B624-83F3EC7B5FD1}.Release|Any CPU.Build.0 = Release|Any CPU
	EndGlobalSection
	GlobalSection(SolutionProperties) = preSolution
		HideSolutionNode = FALSE
	EndGlobalSection
	GlobalSection(NestedProjects) = preSolution
		{402FEF12-7333-441A-9B10-FCB41AE73B83} = {07CADB69-D220-472E-8CE3-DADCABF26790}
		{CB5BA3E0-BF94-454E-AFDE-A4E1C93E1E05} = {07CADB69-D220-472E-8CE3-DADCABF26790}
		{E0DB8510-1A5F-44BD-B865-88AA26B02C3E} = {BC2982E9-9CD8-4EE8-9B68-DB1787367EC7}
		{1CEFE776-6047-4318-AF42-D45E67CC0B26} = {BC2982E9-9CD8-4EE8-9B68-DB1787367EC7}
		{19C647F9-874E-4DDA-9B2F-A8E3DB4E1BAC} = {BC2982E9-9CD8-4EE8-9B68-DB1787367EC7}
		{A6D6D83A-F6B2-4F0C-9C1E-736031BEB9A3} = {BC2982E9-9CD8-4EE8-9B68-DB1787367EC7}
		{A61A729D-BD69-40F6-8002-4004AD399613} = {BC2982E9-9CD8-4EE8-9B68-DB1787367EC7}
		{D7C36D7C-56AA-48C2-B624-83F3EC7B5FD1} = {BC2982E9-9CD8-4EE8-9B68-DB1787367EC7}
		{871FBC30-E867-4ACB-B1B9-BED6D8BB730B} = {91C08891-C32D-4554-A777-1B5773843A7B}
	EndGlobalSection
EndGlobal
